# THIS IS AN AUTOGENERATED FILE. DO NOT EDIT THIS FILE DIRECTLY.
# yarn lockfile v1


"@now/node-bridge@^1.2.0":
  version "1.2.2"
  resolved "https://registry.yarnpkg.com/@now/node-bridge/-/node-bridge-1.2.2.tgz#b4740d8806227b8dd1d4d8481e21b3b30ad299b4"
  integrity sha512-E5xqal3QRN8RvcQ4Q82vtg/hvWmQWaIYp2bJHd550Ps/kemGabcwAAQsP/TUM/4b5oYlOmjrfuYPq9AhMvFqkQ==

"@now/node@^0.9.0":
  version "0.9.0"
  resolved "https://registry.yarnpkg.com/@now/node/-/node-0.9.0.tgz#26814e3d74b02af17704686e8797862ba0abbe79"
  integrity sha512-AfbPKB9DmyemGbG3DYuw+epb4lmxOgiZ7PakKlocVaPl68W6NWElTE3ns9453ZV6Dj+F9LHeZ3TAbyyxEzsMgg==
  dependencies:
    "@now/node-bridge" "^1.2.0"
    "@types/node" "*"
    "@zeit/ncc" "0.18.5"
    "@zeit/ncc-watcher" "1.0.3"
    fs-extra "7.0.1"

"@types/node@*":
  version "12.6.4"
  resolved "https://registry.yarnpkg.com/@types/node/-/node-12.6.4.tgz#e0b5ac3ccbf183cd3c230967c323632d6cf927ae"
  integrity sha512-ZKrDzI6KhrqtLpccI1YxMh4d+qzNnftNtp6iL9c4mLTNgzguFu7VR7pXH/C/MfzikMeoXjvISL9mlIGNGGDXDg==

"@zeit/ncc-watcher@1.0.3":
  version "1.0.3"
  resolved "https://registry.yarnpkg.com/@zeit/ncc-watcher/-/ncc-watcher-1.0.3.tgz#c4569d13db7b80a96a7672047c069400e69913ae"
  integrity sha512-367wm9bGMBCwT8kHQckw8UY/iYhC9rdzj357FBoM0SjVvWv53yziEmd12RkeF1EsBs0F2a1uBYdUaUvGo6LfkA==
  dependencies:
    "@zeit/ncc" "^0.18.5"

"@zeit/ncc@0.18.5", "@zeit/ncc@^0.18.5":
  version "0.18.5"
  resolved "https://registry.yarnpkg.com/@zeit/ncc/-/ncc-0.18.5.tgz#5687df6c32f1a2e2486aa110b3454ccebda4fb9c"
  integrity sha512-F+SbvEAh8rchiRXqQbmD1UmbePY7dCOKTbvfFtbVbK2xMH/tyri5YKfNxXKK7eL9EWkkbqB3NTVQO6nokApeBA==

fs-extra@7.0.1:
  version "7.0.1"
  resolved "https://registry.yarnpkg.com/fs-extra/-/fs-extra-7.0.1.tgz#4f189c44aa123b895f722804f55ea23eadc348e9"
  integrity sha512-YJDaCJZEnBmcbw13fvdAM9AwNOJwOzrE4pqMqBq5nFiEqXUqHwlK4B+3pUw6JNvfSPtX05xFHtYy/1ni01eGCw==
  dependencies:
    graceful-fs "^4.1.2"
    jsonfile "^4.0.0"
    universalify "^0.1.0"

graceful-fs@^4.1.2, graceful-fs@^4.1.6:
  version "4.2.0"
  resolved "https://registry.yarnpkg.com/graceful-fs/-/graceful-fs-4.2.0.tgz#8d8fdc73977cb04104721cb53666c1ca64cd328b"
  integrity sha512-jpSvDPV4Cq/bgtpndIWbI5hmYxhQGHPC4d4cqBPb4DLniCfhJokdXhwhaDuLBGLQdvvRum/UiX6ECVIPvDXqdg==

jsonfile@^4.0.0:
  version "4.0.0"
  resolved "https://registry.yarnpkg.com/jsonfile/-/jsonfile-4.0.0.tgz#8771aae0799b64076b76640fca058f9c10e33ecb"
  integrity sha1-h3Gq4HmbZAdrdmQPygWPnBDjPss=
  optionalDependencies:
    graceful-fs "^4.1.6"

typescript@^3.5.3:
  version "3.5.3"
  resolved "https://registry.yarnpkg.com/typescript/-/typescript-3.5.3.tgz#c830f657f93f1ea846819e929092f5fe5983e977"
  integrity sha512-ACzBtm/PhXBDId6a6sDJfroT2pOWt/oOnk4/dElG5G33ZL776N3Y6/6bKZJBFpd+b05F3Ct9qDjMeJmRWtE2/g==

universalify@^0.1.0:
  version "0.1.2"
  resolved "https://registry.yarnpkg.com/universalify/-/universalify-0.1.2.tgz#b646f69be3942dabcecc9d6639c80dc105efaa66"
  integrity sha512-rBJeI5CXAlmy1pV+617WB9J63U6XcazHHF2f2dbJix4XzpUF0RS3Zbj0FGIOCAva5P/d/GBOYaACQ1w+0azUkg==
